// !$*UTF8*$!
{
	archiveVersion = 1;
	classes = {
	};
	objectVersion = 46;
	objects = {

/* Begin PBXBuildFile section */
		55CC94801BA796590047E981 /* AppDelegate.swift in Sources */ = {isa = PBXBuildFile; fileRef = 55CC947F1BA796590047E981 /* AppDelegate.swift */; };
		55CC94821BA796590047E981 /* ViewController.swift in Sources */ = {isa = PBXBuildFile; fileRef = 55CC94811BA796590047E981 /* ViewController.swift */; };
		55CC94851BA796590047E981 /* Main.storyboard in Resources */ = {isa = PBXBuildFile; fileRef = 55CC94831BA796590047E981 /* Main.storyboard */; };
		55CC94871BA796590047E981 /* Images.xcassets in Resources */ = {isa = PBXBuildFile; fileRef = 55CC94861BA796590047E981 /* Images.xcassets */; };
		55CC948A1BA796590047E981 /* LaunchScreen.xib in Resources */ = {isa = PBXBuildFile; fileRef = 55CC94881BA796590047E981 /* LaunchScreen.xib */; };
		55CC94961BA796590047E981 /* PolygonsTests.swift in Sources */ = {isa = PBXBuildFile; fileRef = 55CC94951BA796590047E981 /* PolygonsTests.swift */; };
		55CC94A01BA796870047E981 /* Polygon.swift in Sources */ = {isa = PBXBuildFile; fileRef = 55CC949F1BA796870047E981 /* Polygon.swift */; };
/* End PBXBuildFile section */

/* Begin PBXContainerItemProxy section */
		55CC94901BA796590047E981 /* PBXContainerItemProxy */ = {
			isa = PBXContainerItemProxy;
			containerPortal = 55CC94721BA796590047E981 /* Project object */;
			proxyType = 1;
			remoteGlobalIDString = 55CC94791BA796590047E981;
			remoteInfo = Polygons;
		};
/* End PBXContainerItemProxy section */

/* Begin PBXFileReference section */
		55CC947A1BA796590047E981 /* Polygons.app */ = {isa = PBXFileReference; explicitFileType = wrapper.application; includeInIndex = 0; path = Polygons.app; sourceTree = BUILT_PRODUCTS_DIR; };
		55CC947E1BA796590047E981 /* Info.plist */ = {isa = PBXFileReference; lastKnownFileType = text.plist.xml; path = Info.plist; sourceTree = "<group>"; };
		55CC947F1BA796590047E981 /* AppDelegate.swift */ = {isa = PBXFileReference; lastKnownFileType = sourcecode.swift; path = AppDelegate.swift; sourceTree = "<group>"; };
		55CC94811BA796590047E981 /* ViewController.swift */ = {isa = PBXFileReference; lastKnownFileType = sourcecode.swift; path = ViewController.swift; sourceTree = "<group>"; };
		55CC94841BA796590047E981 /* Base */ = {isa = PBXFileReference; lastKnownFileType = file.storyboard; name = Base; path = Base.lproj/Main.storyboard; sourceTree = "<group>"; };
		55CC94861BA796590047E981 /* Images.xcassets */ = {isa = PBXFileReference; lastKnownFileType = folder.assetcatalog; path = Images.xcassets; sourceTree = "<group>"; };
		55CC94891BA796590047E981 /* Base */ = {isa = PBXFileReference; lastKnownFileType = file.xib; name = Base; path = Base.lproj/LaunchScreen.xib; sourceTree = "<group>"; };
		55CC948F1BA796590047E981 /* PolygonsTests.xctest */ = {isa = PBXFileReference; explicitFileType = wrapper.cfbundle; includeInIndex = 0; path = PolygonsTests.xctest; sourceTree = BUILT_PRODUCTS_DIR; };
		55CC94941BA796590047E981 /* Info.plist */ = {isa = PBXFileReference; lastKnownFileType = text.plist.xml; path = Info.plist; sourceTree = "<group>"; };
		55CC94951BA796590047E981 /* PolygonsTests.swift */ = {isa = PBXFileReference; lastKnownFileType = sourcecode.swift; path = PolygonsTests.swift; sourceTree = "<group>"; };
		55CC949F1BA796870047E981 /* Polygon.swift */ = {isa = PBXFileReference; fileEncoding = 4; lastKnownFileType = sourcecode.swift; path = Polygon.swift; sourceTree = "<group>"; };
/* End PBXFileReference section */

/* Begin PBXFrameworksBuildPhase section */
		55CC94771BA796590047E981 /* Frameworks */ = {
			isa = PBXFrameworksBuildPhase;
			buildActionMask = 2147483647;
			files = (
			);
			runOnlyForDeploymentPostprocessing = 0;
		};
		55CC948C1BA796590047E981 /* Frameworks */ = {
			isa = PBXFrameworksBuildPhase;
			buildActionMask = 2147483647;
			files = (
			);
			runOnlyForDeploymentPostprocessing = 0;
		};
/* End PBXFrameworksBuildPhase section */

/* Begin PBXGroup section */
		55CC94711BA796590047E981 = {
			isa = PBXGroup;
			children = (
				55CC947C1BA796590047E981 /* Polygons */,
				55CC94921BA796590047E981 /* PolygonsTests */,
				55CC947B1BA796590047E981 /* Products */,
			);
			sourceTree = "<group>";
		};
		55CC947B1BA796590047E981 /* Products */ = {
			isa = PBXGroup;
			children = (
				55CC947A1BA796590047E981 /* Polygons.app */,
				55CC948F1BA796590047E981 /* PolygonsTests.xctest */,
			);
			name = Products;
			sourceTree = "<group>";
		};
		55CC947C1BA796590047E981 /* Polygons */ = {
			isa = PBXGroup;
			children = (
				55CC947F1BA796590047E981 /* AppDelegate.swift */,
				55CC949F1BA796870047E981 /* Polygon.swift */,
				55CC94811BA796590047E981 /* ViewController.swift */,
				55CC94831BA796590047E981 /* Main.storyboard */,
				55CC94861BA796590047E981 /* Images.xcassets */,
				55CC94881BA796590047E981 /* LaunchScreen.xib */,
				55CC947D1BA796590047E981 /* Supporting Files */,
			);
			path = Polygons;
			sourceTree = "<group>";
		};
		55CC947D1BA796590047E981 /* Supporting Files */ = {
			isa = PBXGroup;
			children = (
				55CC947E1BA796590047E981 /* Info.plist */,
			);
			name = "Supporting Files";
			sourceTree = "<group>";
		};
		55CC94921BA796590047E981 /* PolygonsTests */ = {
			isa = PBXGroup;
			children = (
				55CC94951BA796590047E981 /* PolygonsTests.swift */,
				55CC94931BA796590047E981 /* Supporting Files */,
			);
			path = PolygonsTests;
			sourceTree = "<group>";
		};
		55CC94931BA796590047E981 /* Supporting Files */ = {
			isa = PBXGroup;
			children = (
				55CC94941BA796590047E981 /* Info.plist */,
			);
			name = "Supporting Files";
			sourceTree = "<group>";
		};
/* End PBXGroup section */

/* Begin PBXNativeTarget section */
		55CC94791BA796590047E981 /* Polygons */ = {
			isa = PBXNativeTarget;
			buildConfigurationList = 55CC94991BA796590047E981 /* Build configuration list for PBXNativeTarget "Polygons" */;
			buildPhases = (
				55CC94761BA796590047E981 /* Sources */,
				55CC94771BA796590047E981 /* Frameworks */,
				55CC94781BA796590047E981 /* Resources */,
			);
			buildRules = (
			);
			dependencies = (
			);
			name = Polygons;
			productName = Polygons;
			productReference = 55CC947A1BA796590047E981 /* Polygons.app */;
			productType = "com.apple.product-type.application";
		};
		55CC948E1BA796590047E981 /* PolygonsTests */ = {
			isa = PBXNativeTarget;
			buildConfigurationList = 55CC949C1BA796590047E981 /* Build configuration list for PBXNativeTarget "PolygonsTests" */;
			buildPhases = (
				55CC948B1BA796590047E981 /* Sources */,
				55CC948C1BA796590047E981 /* Frameworks */,
				55CC948D1BA796590047E981 /* Resources */,
			);
			buildRules = (
			);
			dependencies = (
				55CC94911BA796590047E981 /* PBXTargetDependency */,
			);
			name = PolygonsTests;
			productName = PolygonsTests;
			productReference = 55CC948F1BA796590047E981 /* PolygonsTests.xctest */;
			productType = "com.apple.product-type.bundle.unit-test";
		};
/* End PBXNativeTarget section */

/* Begin PBXProject section */
		55CC94721BA796590047E981 /* Project object */ = {
			isa = PBXProject;
			attributes = {
				LastUpgradeCheck = 0640;
				ORGANIZATIONNAME = "Kamal Dandamudi";
				TargetAttributes = {
					55CC94791BA796590047E981 = {
						CreatedOnToolsVersion = 6.4;
					};
					55CC948E1BA796590047E981 = {
						CreatedOnToolsVersion = 6.4;
						TestTargetID = 55CC94791BA796590047E981;
					};
				};
			};
			buildConfigurationList = 55CC94751BA796590047E981 /* Build configuration list for PBXProject "Polygons" */;
			compatibilityVersion = "Xcode 3.2";
			developmentRegion = English;
			hasScannedForEncodings = 0;
			knownRegions = (
				en,
				Base,
			);
			mainGroup = 55CC94711BA796590047E981;
			productRefGroup = 55CC947B1BA796590047E981 /* Products */;
			projectDirPath = "";
			projectRoot = "";
			targets = (
				55CC94791BA796590047E981 /* Polygons */,
				55CC948E1BA796590047E981 /* PolygonsTests */,
			);
		};
/* End PBXProject section */

/* Begin PBXResourcesBuildPhase section */
		55CC94781BA796590047E981 /* Resources */ = {
			isa = PBXResourcesBuildPhase;
			buildActionMask = 2147483647;
			files = (
				55CC94851BA796590047E981 /* Main.storyboard in Resources */,
				55CC948A1BA796590047E981 /* LaunchScreen.xib in Resources */,
				55CC94871BA796590047E981 /* Images.xcassets in Resources */,
			);
			runOnlyForDeploymentPostprocessing = 0;
		};
		55CC948D1BA796590047E981 /* Resources */ = {
			isa = PBXResourcesBuildPhase;
			buildActionMask = 2147483647;
			files = (
			);
			runOnlyForDeploymentPostprocessing = 0;
		};
/* End PBXResourcesBuildPhase section */

/* Begin PBXSourcesBuildPhase section */
		55CC94761BA796590047E981 /* Sources */ = {
			isa = PBXSourcesBuildPhase;
			buildActionMask = 2147483647;
			files = (
				55CC94821BA796590047E981 /* ViewController.swift in Sources */,
				55CC94801BA796590047E981 /* AppDelegate.swift in Sources */,
				55CC94A01BA796870047E981 /* Polygon.swift in Sources */,
			);
			runOnlyForDeploymentPostprocessing = 0;
		};
		55CC948B1BA796590047E981 /* Sources */ = {
			isa = PBXSourcesBuildPhase;
			buildActionMask = 2147483647;
			files = (
				55CC94961BA796590047E981 /* PolygonsTests.swift in Sources */,
			);
			runOnlyForDeploymentPostprocessing = 0;
		};
/* End PBXSourcesBuildPhase section */

/* Begin PBXTargetDependency section */
		55CC94911BA796590047E981 /* PBXTargetDependency */ = {
			isa = PBXTargetDependency;
			target = 55CC94791BA796590047E981 /* Polygons */;
			targetProxy = 55CC94901BA796590047E981 /* PBXContainerItemProxy */;
		};
/* End PBXTargetDependency section */

/* Begin PBXVariantGroup section */
		55CC94831BA796590047E981 /* Main.storyboard */ = {
			isa = PBXVariantGroup;
			children = (
				55CC94841BA796590047E981 /* Base */,
			);
			name = Main.storyboard;
			sourceTree = "<group>";
		};
		55CC94881BA796590047E981 /* LaunchScreen.xib */ = {
			isa = PBXVariantGroup;
			children = (
				55CC94891BA796590047E981 /* Base */,
			);
			name = LaunchScreen.xib;
			sourceTree = "<group>";
		};
/* End PBXVariantGroup section */

/* Begin XCBuildConfiguration section */
		55CC94971BA796590047E981 /* Debug */ = {
			isa = XCBuildConfiguration;
			buildSettings = {
				ALWAYS_SEARCH_USER_PATHS = NO;
				CLANG_CXX_LANGUAGE_STANDARD = "gnu++0x";
				CLANG_CXX_LIBRARY = "libc++";
				CLANG_ENABLE_MODULES = YES;
				CLANG_ENABLE_OBJC_ARC = YES;
				CLANG_WARN_BOOL_CONVERSION = YES;
				CLANG_WARN_CONSTANT_CONVERSION = YES;
				CLANG_WARN_DIRECT_OBJC_ISA_USAGE = YES_ERROR;
				CLANG_WARN_EMPTY_BODY = YES;
				CLANG_WARN_ENUM_CONVERSION = YES;
				CLANG_WARN_INT_CONVERSION = YES;
				CLANG_WARN_OBJC_ROOT_CLASS = YES_ERROR;
				CLANG_WARN_UNREACHABLE_CODE = YES;
				CLANG_WARN__DUPLICATE_METHOD_MATCH = YES;
				"CODE_SIGN_IDENTITY[sdk=iphoneos*]" = "iPhone Developer";
				COPY_PHASE_STRIP = NO;
				DEBUG_INFORMATION_FORMAT = "dwarf-with-dsym";
				ENABLE_STRICT_OBJC_MSGSEND = YES;
				GCC_C_LANGUAGE_STANDARD = gnu99;
				GCC_DYNAMIC_NO_PIC = NO;
				GCC_NO_COMMON_BLOCKS = YES;
				GCC_OPTIMIZATION_LEVEL = 0;
				GCC_PREPROCESSOR_DEFINITIONS = (
					"DEBUG=1",
					"$(inherited)",
				);
				GCC_SYMBOLS_PRIVATE_EXTERN = NO;
				GCC_WARN_64_TO_32_BIT_CONVERSION = YES;
				GCC_WARN_ABOUT_RETURN_TYPE = YES_ERROR;
				GCC_WARN_UNDECLARED_SELECTOR = YES;
				GCC_WARN_UNINITIALIZED_AUTOS = YES_AGGRESSIVE;
				GCC_WARN_UNUSED_FUNCTION = YES;
				GCC_WARN_UNUSED_VARIABLE = YES;
				IPHONEOS_DEPLOYMENT_TARGET = 8.4;
				MTL_ENABLE_DEBUG_INFO = YES;
				ONLY_ACTIVE_ARCH = YES;
				SDKROOT = iphoneos;
				SWIFT_OPTIMIZATION_LEVEL = "-Onone";
				TARGETED_DEVICE_FAMILY = "1,2";
			};
			name = Debug;
		};
		55CC94981BA796590047E981 /* Release */ = {
			isa = XCBuildConfiguration;
			buildSettings = {
				ALWAYS_SEARCH_USER_PATHS = NO;
				CLANG_CXX_LANGUAGE_STANDARD = "gnu++0x";
				CLANG_CXX_LIBRARY = "libc++";
				CLANG_ENABLE_MODULES = YES;
				CLANG_ENABLE_OBJC_ARC = YES;
				CLANG_WARN_BOOL_CONVERSION = YES;
				CLANG_WARN_CONSTANT_CONVERSION = YES;
				CLANG_WARN_DIRECT_OBJC_ISA_USAGE = YES_ERROR;
				CLANG_WARN_EMPTY_BODY = YES;
				CLANG_WARN_ENUM_CONVERSION = YES;
				CLANG_WARN_INT_CONVERSION = YES;
				CLANG_WARN_OBJC_ROOT_CLASS = YES_ERROR;
				CLANG_WARN_UNREACHABLE_CODE = YES;
				CLANG_WARN__DUPLICATE_METHOD_MATCH = YES;
				"CODE_SIGN_IDENTITY[sdk=iphoneos*]" = "iPhone Developer";
				COPY_PHASE_STRIP = NO;
				DEBUG_INFORMATION_FORMAT = "dwarf-with-dsym";
				ENABLE_NS_ASSERTIONS = NO;
				ENABLE_STRICT_OBJC_MSGSEND = YES;
				GCC_C_LANGUAGE_STANDARD = gnu99;
				GCC_NO_COMMON_BLOCKS = YES;
				GCC_WARN_64_TO_32_BIT_CONVERSION = YES;
				GCC_WARN_ABOUT_RETURN_TYPE = YES_ERROR;
				GCC_WARN_UNDECLARED_SELECTOR = YES;
				GCC_WARN_UNINITIALIZED_AUTOS = YES_AGGRESSIVE;
				GCC_WARN_UNUSED_FUNCTION = YES;
				GCC_WARN_UNUSED_VARIABLE = YES;
				IPHONEOS_DEPLOYMENT_TARGET = 8.4;
				MTL_ENABLE_DEBUG_INFO = NO;
				SDKROOT = iphoneos;
				TARGETED_DEVICE_FAMILY = "1,2";
				VALIDATE_PRODUCT = YES;
			};
			name = Release;
		};
		55CC949A1BA796590047E981 /* Debug */ = {
			isa = XCBuildConfiguration;
			buildSettings = {
				ASSETCATALOG_COMPILER_APPICON_NAME = AppIcon;
				INFOPLIST_FILE = Polygons/Info.plist;
				LD_RUNPATH_SEARCH_PATHS = "$(inherited) @executable_path/Frameworks";
				PRODUCT_NAME = "$(TARGET_NAME)";
			};
			name = Debug;
		};
		55CC949B1BA796590047E981 /* Release */ = {
			isa = XCBuildConfiguration;
			buildSettings = {
				ASSETCATALOG_COMPILER_APPICON_NAME = AppIcon;
				INFOPLIST_FILE = Polygons/Info.plist;
				LD_RUNPATH_SEARCH_PATHS = "$(inherited) @executable_path/Frameworks";
				PRODUCT_NAME = "$(TARGET_NAME)";
			};
			name = Release;
		};
		55CC949D1BA796590047E981 /* Debug */ = {
			isa = XCBuildConfiguration;
			buildSettings = {
				BUNDLE_LOADER = "$(TEST_HOST)";
				FRAMEWORK_SEARCH_PATHS = (
					"$(SDKROOT)/Developer/Library/Frameworks",
					"$(inherited)",
				);
				GCC_PREPROCESSOR_DEFINITIONS = (
					"DEBUG=1",
					"$(inherited)",
				);
				INFOPLIST_FILE = PolygonsTests/Info.plist;
				LD_RUNPATH_SEARCH_PATHS = "$(inherited) @executable_path/Frameworks @loader_path/Frameworks";
				PRODUCT_NAME = "$(TARGET_NAME)";
				TEST_HOST = "$(BUILT_PRODUCTS_DIR)/Polygons.app/Polygons";
			};
			name = Debug;
		};
		55CC949E1BA796590047E981 /* Release */ = {
			isa = XCBuildConfiguration;
			buildSettings = {
				BUNDLE_LOADER = "$(TEST_HOST)";
				FRAMEWORK_SEARCH_PATHS = (
					"$(SDKROOT)/Developer/Library/Frameworks",
					"$(inherited)",
				);
				INFOPLIST_FILE = PolygonsTests/Info.plist;
				LD_RUNPATH_SEARCH_PATHS = "$(inherited) @executable_path/Frameworks @loader_path/Frameworks";
				PRODUCT_NAME = "$(TARGET_NAME)";
				TEST_HOST = "$(BUILT_PRODUCTS_DIR)/Polygons.app/Polygons";
			};
			name = Release;
		};
/* End XCBuildConfiguration section */

/* Begin XCConfigurationList section */
		55CC94751BA796590047E981 /* Build configuration list for PBXProject "Polygons" */ = {
			isa = XCConfigurationList;
			buildConfigurations = (
				55CC94971BA796590047E981 /* Debug */,
				55CC94981BA796590047E981 /* Release */,
			);
			defaultConfigurationIsVisible = 0;
			defaultConfigurationName = Release;
		};
		55CC94991BA796590047E981 /* Build configuration list for PBXNativeTarget "Polygons" */ = {
			isa = XCConfigurationList;
			buildConfigurations = (
				55CC949A1BA796590047E981 /* Debug */,
				55CC949B1BA796590047E981 /* Release */,
			);
			defaultConfigurationIsVisible = 0;
			defaultConfigurationName = Release;
		};
		55CC949C1BA796590047E981 /* Build configuration list for PBXNativeTarget "PolygonsTests" */ = {
			isa = XCConfigurationList;
			buildConfigurations = (
				55CC949D1BA796590047E981 /* Debug */,
				55CC949E1BA796590047E981 /* Release */,
			);
			defaultConfigurationIsVisible = 0;
			defaultConfigurationName = Release;
		};
/* End XCConfigurationList section */
	};
	rootObject = 55CC94721BA796590047E981 /* Project object */;
}
